# This file is automatically @generated by Cargo.
# It is not intended for manual editing.
version = 4

[[package]]
name = "cni-laser-commands"
version = "0.1.0"

[[package]]
name = "m8812-commands"
version = "0.1.0"

[[package]]
name = "oe1022d-commands"
version = "0.1.0"

[[package]]
name = "smb100a-commands"
version = "0.1.0"
